{
  "requires": true,
  "lockfileVersion": 1,
  "dependencies": {
    "eventemitter3": {
      "version": "2.0.3",
      "resolved": "https://registry.npmjs.org/eventemitter3/-/eventemitter3-2.0.3.tgz",
      "integrity": "sha1-teEHm1n7XhuidxwKmTvgYKWMmbo="
    },
    "framed-msgpack-rpc": {
      "version": "1.1.18",
      "resolved": "https://registry.npmjs.org/framed-msgpack-rpc/-/framed-msgpack-rpc-1.1.18.tgz",
      "integrity": "sha512-4j1UMqKLkIouIREnvoUd9+yMpY/s/Kokc4EgFeA3f+vnDa+3oHD+QwqqDxjNMD0C/jUx08s2CVCD7TVrT6br1Q==",
      "requires": {
        "iced-error": "0.0.9",
        "iced-lock": "^1.0.2",
        "iced-runtime": "^1.0.1",
        "path-parse": "^1.0.6",
        "purepack": ">=1"
      }
    },
    "iced-error": {
      "version": "0.0.9",
      "resolved": "https://registry.npmjs.org/iced-error/-/iced-error-0.0.9.tgz",
      "integrity": "sha1-x8MFdhTAoYfZaz0YxtUg5rhy7Tc="
    },
    "iced-lock": {
      "version": "1.1.0",
      "resolved": "https://registry.npmjs.org/iced-lock/-/iced-lock-1.1.0.tgz",
      "integrity": "sha1-YRbvHKs6zW5rEIk7snumIv0/3nI=",
      "requires": {
        "iced-runtime": "^1.0.0"
      }
    },
    "iced-runtime": {
      "version": "1.0.3",
      "resolved": "https://registry.npmjs.org/iced-runtime/-/iced-runtime-1.0.3.tgz",
      "integrity": "sha1-LU9PuZmreqVDCxk8d6f85BGDGc4="
    },
    "native-promise-only": {
      "version": "0.8.1",
      "resolved": "https://registry.npmjs.org/native-promise-only/-/native-promise-only-0.8.1.tgz",
      "integrity": "sha1-IKMYwwy0X3H+et+/eyHJnBRy7xE="
    },
    "path-parse": {
      "version": "1.0.6",
      "resolved": "https://registry.npmjs.org/path-parse/-/path-parse-1.0.6.tgz",
      "integrity": "sha512-GSmOT2EbHrINBf9SR7CDELwlJ8AENk3Qn7OikK4nFYAu3Ote2+JYNVvkpAEQm3/TLNEJFD/xZJjzyxg3KBWOzw=="
    },
    "purepack": {
      "version": "1.0.5",
      "resolved": "https://registry.npmjs.org/purepack/-/purepack-1.0.5.tgz",
      "integrity": "sha512-Amc1FB7Xyp/qFAHfr6NzrvMgUJ4Qc7dd4TteEBmXtPxxz1iRBUHjMKdgVRqviSIjb3u5yuylWcsijGVbKHfffg=="
    },
    "readline-sync": {
      "version": "1.4.9",
      "resolved": "https://registry.npmjs.org/readline-sync/-/readline-sync-1.4.9.tgz",
      "integrity": "sha1-PtqOZfI80qF+YTAbHwADOWr17No="
    },
    "threads": {
      "version": "0.12.1",
      "resolved": "https://registry.npmjs.org/threads/-/threads-0.12.1.tgz",
      "integrity": "sha512-2USeV2FDNZtVP1xt3TW86solU7W6WYjaTMd+gvAHJat+dEMFh7of2DR9MEFLkhMerxc1t5b1DMJiVx1meRzk0w==",
      "requires": {
        "eventemitter3": "^2.0.2",
        "native-promise-only": "^0.8.1"
      }
    }
  }
}
